<Solution>
  <Project Path="../../../../../../Documents/GitHub/HTL-POS/JahrGang3/L01Wiederholung/Aufgabe01-Hamster/Aufgabe01-Hamster.csproj" />
  <Project Path="../../../../../../Documents/GitHub/HTL-POS/JahrGang3/L01Wiederholung/Skripten/Skripten.csproj" />
  <Project Path="../../../../../../Documents/GitHub/HTL-POS/JahrGang3/L01Wiederholung/ZettelUebungen/ZettelUebungen.csproj" />
</Solution>